// !$*UTF8*$!
{
	archiveVersion = 1;
	classes = {
	};
	objectVersion = 46;
	objects = {

/* Begin PBXBuildFile section */
		E3925EED16283E200005F03F /* UIKit.framework in Frameworks */ = {isa = PBXBuildFile; fileRef = E3925EEC16283E200005F03F /* UIKit.framework */; };
		E3925EEF16283E200005F03F /* Foundation.framework in Frameworks */ = {isa = PBXBuildFile; fileRef = E3925EEE16283E200005F03F /* Foundation.framework */; };
		E3925EF116283E200005F03F /* CoreGraphics.framework in Frameworks */ = {isa = PBXBuildFile; fileRef = E3925EF016283E200005F03F /* CoreGraphics.framework */; };
		E3925EF716283E200005F03F /* InfoPlist.strings in Resources */ = {isa = PBXBuildFile; fileRef = E3925EF516283E200005F03F /* InfoPlist.strings */; };
		E3925EF916283E200005F03F /* main.m in Sources */ = {isa = PBXBuildFile; fileRef = E3925EF816283E200005F03F /* main.m */; };
		E3925EFD16283E200005F03F /* AppDelegate.m in Sources */ = {isa = PBXBuildFile; fileRef = E3925EFC16283E200005F03F /* AppDelegate.m */; };
		E3925EFF16283E200005F03F /* Default.png in Resources */ = {isa = PBXBuildFile; fileRef = E3925EFE16283E200005F03F /* Default.png */; };
		E3925F0116283E200005F03F /* Default@2x.png in Resources */ = {isa = PBXBuildFile; fileRef = E3925F0016283E200005F03F /* Default@2x.png */; };
		E3925F0316283E200005F03F /* Default-568h@2x.png in Resources */ = {isa = PBXBuildFile; fileRef = E3925F0216283E200005F03F /* Default-568h@2x.png */; };
		E3925F0616283E200005F03F /* MainStoryboard_iPhone.storyboard in Resources */ = {isa = PBXBuildFile; fileRef = E3925F0416283E200005F03F /* MainStoryboard_iPhone.storyboard */; };
		E3925F0916283E200005F03F /* MainStoryboard_iPad.storyboard in Resources */ = {isa = PBXBuildFile; fileRef = E3925F0716283E200005F03F /* MainStoryboard_iPad.storyboard */; };
		E3925F0C16283E200005F03F /* ViewController.m in Sources */ = {isa = PBXBuildFile; fileRef = E3925F0B16283E200005F03F /* ViewController.m */; };
/* End PBXBuildFile section */

/* Begin PBXFileReference section */
		E3925EE816283E200005F03F /* GitTest.app */ = {isa = PBXFileReference; explicitFileType = wrapper.application; includeInIndex = 0; path = GitTest.app; sourceTree = BUILT_PRODUCTS_DIR; };
		E3925EEC16283E200005F03F /* UIKit.framework */ = {isa = PBXFileReference; lastKnownFileType = wrapper.framework; name = UIKit.framework; path = System/Library/Frameworks/UIKit.framework; sourceTree = SDKROOT; };
		E3925EEE16283E200005F03F /* Foundation.framework */ = {isa = PBXFileReference; lastKnownFileType = wrapper.framework; name = Foundation.framework; path = System/Library/Frameworks/Foundation.framework; sourceTree = SDKROOT; };
		E3925EF016283E200005F03F /* CoreGraphics.framework */ = {isa = PBXFileReference; lastKnownFileType = wrapper.framework; name = CoreGraphics.framework; path = System/Library/Frameworks/CoreGraphics.framework; sourceTree = SDKROOT; };
		E3925EF416283E200005F03F /* GitTest-Info.plist */ = {isa = PBXFileReference; lastKnownFileType = text.plist.xml; path = "GitTest-Info.plist"; sourceTree = "<group>"; };
		E3925EF616283E200005F03F /* en */ = {isa = PBXFileReference; lastKnownFileType = text.plist.strings; name = en; path = en.lproj/InfoPlist.strings; sourceTree = "<group>"; };
		E3925EF816283E200005F03F /* main.m */ = {isa = PBXFileReference; lastKnownFileType = sourcecode.c.objc; path = main.m; sourceTree = "<group>"; };
		E3925EFA16283E200005F03F /* GitTest-Prefix.pch */ = {isa = PBXFileReference; lastKnownFileType = sourcecode.c.h; path = "GitTest-Prefix.pch"; sourceTree = "<group>"; };
		E3925EFB16283E200005F03F /* AppDelegate.h */ = {isa = PBXFileReference; lastKnownFileType = sourcecode.c.h; path = AppDelegate.h; sourceTree = "<group>"; };
		E3925EFC16283E200005F03F /* AppDelegate.m */ = {isa = PBXFileReference; lastKnownFileType = sourcecode.c.objc; path = AppDelegate.m; sourceTree = "<group>"; };
		E3925EFE16283E200005F03F /* Default.png */ = {isa = PBXFileReference; lastKnownFileType = image.png; path = Default.png; sourceTree = "<group>"; };
		E3925F0016283E200005F03F /* Default@2x.png */ = {isa = PBXFileReference; lastKnownFileType = image.png; path = "Default@2x.png"; sourceTree = "<group>"; };
		E3925F0216283E200005F03F /* Default-568h@2x.png */ = {isa = PBXFileReference; lastKnownFileType = image.png; path = "Default-568h@2x.png"; sourceTree = "<group>"; };
		E3925F0516283E200005F03F /* en */ = {isa = PBXFileReference; lastKnownFileType = file.storyboard; name = en; path = en.lproj/MainStoryboard_iPhone.storyboard; sourceTree = "<group>"; };
		E3925F0816283E200005F03F /* en */ = {isa = PBXFileReference; lastKnownFileType = file.storyboard; name = en; path = en.lproj/MainStoryboard_iPad.storyboard; sourceTree = "<group>"; };
		E3925F0A16283E200005F03F /* ViewController.h */ = {isa = PBXFileReference; lastKnownFileType = sourcecode.c.h; path = ViewController.h; sourceTree = "<group>"; };
		E3925F0B16283E200005F03F /* ViewController.m */ = {isa = PBXFileReference; lastKnownFileType = sourcecode.c.objc; path = ViewController.m; sourceTree = "<group>"; };
/* End PBXFileReference section */

/* Begin PBXFrameworksBuildPhase section */
		E3925EE516283E200005F03F /* Frameworks */ = {
			isa = PBXFrameworksBuildPhase;
			buildActionMask = 2147483647;
			files = (
				E3925EED16283E200005F03F /* UIKit.framework in Frameworks */,
				E3925EEF16283E200005F03F /* Foundation.framework in Frameworks */,
				E3925EF116283E200005F03F /* CoreGraphics.framework in Frameworks */,
			);
			runOnlyForDeploymentPostprocessing = 0;
		};
/* End PBXFrameworksBuildPhase section */

/* Begin PBXGroup section */
		E3925EDD16283E200005F03F = {
			isa = PBXGroup;
			children = (
				E3925EF216283E200005F03F /* GitTest */,
				E3925EEB16283E200005F03F /* Frameworks */,
				E3925EE916283E200005F03F /* Products */,
			);
			sourceTree = "<group>";
		};
		E3925EE916283E200005F03F /* Products */ = {
			isa = PBXGroup;
			children = (
				E3925EE816283E200005F03F /* GitTest.app */,
			);
			name = Products;
			sourceTree = "<group>";
		};
		E3925EEB16283E200005F03F /* Frameworks */ = {
			isa = PBXGroup;
			children = (
				E3925EEC16283E200005F03F /* UIKit.framework */,
				E3925EEE16283E200005F03F /* Foundation.framework */,
				E3925EF016283E200005F03F /* CoreGraphics.framework */,
			);
			name = Frameworks;
			sourceTree = "<group>";
		};
		E3925EF216283E200005F03F /* GitTest */ = {
			isa = PBXGroup;
			children = (
				E3925EFB16283E200005F03F /* AppDelegate.h */,
				E3925EFC16283E200005F03F /* AppDelegate.m */,
				E3925F0416283E200005F03F /* MainStoryboard_iPhone.storyboard */,
				E3925F0716283E200005F03F /* MainStoryboard_iPad.storyboard */,
				E3925F0A16283E200005F03F /* ViewController.h */,
				E3925F0B16283E200005F03F /* ViewController.m */,
				E3925EF316283E200005F03F /* Supporting Files */,
			);
			path = GitTest;
			sourceTree = "<group>";
		};
		E3925EF316283E200005F03F /* Supporting Files */ = {
			isa = PBXGroup;
			children = (
				E3925EF416283E200005F03F /* GitTest-Info.plist */,
				E3925EF516283E200005F03F /* InfoPlist.strings */,
				E3925EF816283E200005F03F /* main.m */,
				E3925EFA16283E200005F03F /* GitTest-Prefix.pch */,
				E3925EFE16283E200005F03F /* Default.png */,
				E3925F0016283E200005F03F /* Default@2x.png */,
				E3925F0216283E200005F03F /* Default-568h@2x.png */,
			);
			name = "Supporting Files";
			sourceTree = "<group>";
		};
/* End PBXGroup section */

/* Begin PBXNativeTarget section */
		E3925EE716283E200005F03F /* GitTest */ = {
			isa = PBXNativeTarget;
			buildConfigurationList = E3925F0F16283E200005F03F /* Build configuration list for PBXNativeTarget "GitTest" */;
			buildPhases = (
				E3925EE416283E200005F03F /* Sources */,
				E3925EE516283E200005F03F /* Frameworks */,
				E3925EE616283E200005F03F /* Resources */,
			);
			buildRules = (
			);
			dependencies = (
			);
			name = GitTest;
			productName = GitTest;
			productReference = E3925EE816283E200005F03F /* GitTest.app */;
			productType = "com.apple.product-type.application";
		};
/* End PBXNativeTarget section */

/* Begin PBXProject section */
		E3925EDF16283E200005F03F /* Project object */ = {
			isa = PBXProject;
			attributes = {
				LastUpgradeCheck = 0450;
				ORGANIZATIONNAME = "Fernando Manero Martinez";
			};
			buildConfigurationList = E3925EE216283E200005F03F /* Build configuration list for PBXProject "GitTest" */;
			compatibilityVersion = "Xcode 3.2";
			developmentRegion = English;
			hasScannedForEncodings = 0;
			knownRegions = (
				en,
			);
			mainGroup = E3925EDD16283E200005F03F;
			productRefGroup = E3925EE916283E200005F03F /* Products */;
			projectDirPath = "";
			projectRoot = "";
			targets = (
				E3925EE716283E200005F03F /* GitTest */,
			);
		};
/* End PBXProject section */

/* Begin PBXResourcesBuildPhase section */
		E3925EE616283E200005F03F /* Resources */ = {
			isa = PBXResourcesBuildPhase;
			buildActionMask = 2147483647;
			files = (
				E3925EF716283E200005F03F /* InfoPlist.strings in Resources */,
				E3925EFF16283E200005F03F /* Default.png in Resources */,
				E3925F0116283E200005F03F /* Default@2x.png in Resources */,
				E3925F0316283E200005F03F /* Default-568h@2x.png in Resources */,
				E3925F0616283E200005F03F /* MainStoryboard_iPhone.storyboard in Resources */,
				E3925F0916283E200005F03F /* MainStoryboard_iPad.storyboard in Resources */,
			);
			runOnlyForDeploymentPostprocessing = 0;
		};
/* End PBXResourcesBuildPhase section */

/* Begin PBXSourcesBuildPhase section */
		E3925EE416283E200005F03F /* Sources */ = {
			isa = PBXSourcesBuildPhase;
			buildActionMask = 2147483647;
			files = (
				E3925EF916283E200005F03F /* main.m in Sources */,
				E3925EFD16283E200005F03F /* AppDelegate.m in Sources */,
				E3925F0C16283E200005F03F /* ViewController.m in Sources */,
			);
			runOnlyForDeploymentPostprocessing = 0;
		};
/* End PBXSourcesBuildPhase section */

/* Begin PBXVariantGroup section */
		E3925EF516283E200005F03F /* InfoPlist.strings */ = {
			isa = PBXVariantGroup;
			children = (
				E3925EF616283E200005F03F /* en */,
			);
			name = InfoPlist.strings;
			sourceTree = "<group>";
		};
		E3925F0416283E200005F03F /* MainStoryboard_iPhone.storyboard */ = {
			isa = PBXVariantGroup;
			children = (
				E3925F0516283E200005F03F /* en */,
			);
			name = MainStoryboard_iPhone.storyboard;
			sourceTree = "<group>";
		};
		E3925F0716283E200005F03F /* MainStoryboard_iPad.storyboard */ = {
			isa = PBXVariantGroup;
			children = (
				E3925F0816283E200005F03F /* en */,
			);
			name = MainStoryboard_iPad.storyboard;
			sourceTree = "<group>";
		};
/* End PBXVariantGroup section */

/* Begin XCBuildConfiguration section */
		E3925F0D16283E200005F03F /* Debug */ = {
			isa = XCBuildConfiguration;
			buildSettings = {
				ALWAYS_SEARCH_USER_PATHS = NO;
				CLANG_CXX_LANGUAGE_STANDARD = "gnu++0x";
				CLANG_CXX_LIBRARY = "libc++";
				CLANG_ENABLE_OBJC_ARC = YES;
				CLANG_WARN_EMPTY_BODY = YES;
				CLANG_WARN__DUPLICATE_METHOD_MATCH = YES;
				"CODE_SIGN_IDENTITY[sdk=iphoneos*]" = "iPhone Developer";
				COPY_PHASE_STRIP = NO;
				GCC_C_LANGUAGE_STANDARD = gnu99;
				GCC_DYNAMIC_NO_PIC = NO;
				GCC_OPTIMIZATION_LEVEL = 0;
				GCC_PREPROCESSOR_DEFINITIONS = (
					"DEBUG=1",
					"$(inherited)",
				);
				GCC_SYMBOLS_PRIVATE_EXTERN = NO;
				GCC_WARN_ABOUT_RETURN_TYPE = YES;
				GCC_WARN_UNINITIALIZED_AUTOS = YES;
				GCC_WARN_UNUSED_VARIABLE = YES;
				IPHONEOS_DEPLOYMENT_TARGET = 6.0;
				ONLY_ACTIVE_ARCH = YES;
				SDKROOT = iphoneos;
				TARGETED_DEVICE_FAMILY = "1,2";
			};
			name = Debug;
		};
		E3925F0E16283E200005F03F /* Release */ = {
			isa = XCBuildConfiguration;
			buildSettings = {
				ALWAYS_SEARCH_USER_PATHS = NO;
				CLANG_CXX_LANGUAGE_STANDARD = "gnu++0x";
				CLANG_CXX_LIBRARY = "libc++";
				CLANG_ENABLE_OBJC_ARC = YES;
				CLANG_WARN_EMPTY_BODY = YES;
				CLANG_WARN__DUPLICATE_METHOD_MATCH = YES;
				"CODE_SIGN_IDENTITY[sdk=iphoneos*]" = "iPhone Developer";
				COPY_PHASE_STRIP = YES;
				GCC_C_LANGUAGE_STANDARD = gnu99;
				GCC_WARN_ABOUT_RETURN_TYPE = YES;
				GCC_WARN_UNINITIALIZED_AUTOS = YES;
				GCC_WARN_UNUSED_VARIABLE = YES;
				IPHONEOS_DEPLOYMENT_TARGET = 6.0;
				OTHER_CFLAGS = "-DNS_BLOCK_ASSERTIONS=1";
				SDKROOT = iphoneos;
				TARGETED_DEVICE_FAMILY = "1,2";
				VALIDATE_PRODUCT = YES;
			};
			name = Release;
		};
		E3925F1016283E200005F03F /* Debug */ = {
			isa = XCBuildConfiguration;
			buildSettings = {
				GCC_PRECOMPILE_PREFIX_HEADER = YES;
				GCC_PREFIX_HEADER = "GitTest/GitTest-Prefix.pch";
				INFOPLIST_FILE = "GitTest/GitTest-Info.plist";
				PRODUCT_NAME = "$(TARGET_NAME)";
				WRAPPER_EXTENSION = app;
			};
			name = Debug;
		};
		E3925F1116283E200005F03F /* Release */ = {
			isa = XCBuildConfiguration;
			buildSettings = {
				GCC_PRECOMPILE_PREFIX_HEADER = YES;
				GCC_PREFIX_HEADER = "GitTest/GitTest-Prefix.pch";
				INFOPLIST_FILE = "GitTest/GitTest-Info.plist";
				PRODUCT_NAME = "$(TARGET_NAME)";
				WRAPPER_EXTENSION = app;
			};
			name = Release;
		};
/* End XCBuildConfiguration section */

/* Begin XCConfigurationList section */
		E3925EE216283E200005F03F /* Build configuration list for PBXProject "GitTest" */ = {
			isa = XCConfigurationList;
			buildConfigurations = (
				E3925F0D16283E200005F03F /* Debug */,
				E3925F0E16283E200005F03F /* Release */,
			);
			defaultConfigurationIsVisible = 0;
			defaultConfigurationName = Release;
		};
		E3925F0F16283E200005F03F /* Build configuration list for PBXNativeTarget "GitTest" */ = {
			isa = XCConfigurationList;
			buildConfigurations = (
				E3925F1016283E200005F03F /* Debug */,
				E3925F1116283E200005F03F /* Release */,
			);
			defaultConfigurationIsVisible = 0;
		};
/* End XCConfigurationList section */
	};
	rootObject = E3925EDF16283E200005F03F /* Project object */;
}
